
Microsoft Visual Studio Solution File, Format Version 12.00
# Visual Studio 15
VisualStudioVersion = 15.0.28307.1082
MinimumVisualStudioVersion = 10.0.40219.1
Project("{FAE04EC0-301F-11D3-BF4B-00C04F79EFBC}") = "DatabaseExampleProject", "DatabaseExampleProject\DatabaseExampleProject.csproj", "{5ED4E9B1-C105-4816-93E0-05C5412ECDF4}"
EndProject
Global
	GlobalSection(SolutionConfigurationPlatforms) = preSolution
		Debug|Any CPU = Debug|Any CPU
		Release|Any CPU = Release|Any CPU
	EndGlobalSection
	GlobalSection(ProjectConfigurationPlatforms) = postSolution
		{5ED4E9B1-C105-4816-93E0-05C5412ECDF4}.Debug|Any CPU.ActiveCfg = Debug|Any CPU
		{5ED4E9B1-C105-4816-93E0-05C5412ECDF4}.Debug|Any CPU.Build.0 = Debug|Any CPU
		{5ED4E9B1-C105-4816-93E0-05C5412ECDF4}.Release|Any CPU.ActiveCfg = Release|Any CPU
		{5ED4E9B1-C105-4816-93E0-05C5412ECDF4}.Release|Any CPU.Build.0 = Release|Any CPU
	EndGlobalSection
	GlobalSection(SolutionProperties) = preSolution
		HideSolutionNode = FALSE
	EndGlobalSection
	GlobalSection(ExtensibilityGlobals) = postSolution
		SolutionGuid = {7841CA1C-2F89-484F-ACAF-0F2F238B8D40}
	EndGlobalSection
EndGlobal
