
Microsoft Visual Studio Solution File, Format Version 12.00
# Visual Studio 15
VisualStudioVersion = 15.0.28307.1082
MinimumVisualStudioVersion = 10.0.40219.1
Project("{FAE04EC0-301F-11D3-BF4B-00C04F79EFBC}") = "CollectionExampleProject", "CollectionExampleProject\CollectionExampleProject.csproj", "{8CDBCDD8-CA4B-4999-BCAE-5FACFC78B3CA}"
EndProject
Global
	GlobalSection(SolutionConfigurationPlatforms) = preSolution
		Debug|Any CPU = Debug|Any CPU
		Release|Any CPU = Release|Any CPU
	EndGlobalSection
	GlobalSection(ProjectConfigurationPlatforms) = postSolution
		{8CDBCDD8-CA4B-4999-BCAE-5FACFC78B3CA}.Debug|Any CPU.ActiveCfg = Debug|Any CPU
		{8CDBCDD8-CA4B-4999-BCAE-5FACFC78B3CA}.Debug|Any CPU.Build.0 = Debug|Any CPU
		{8CDBCDD8-CA4B-4999-BCAE-5FACFC78B3CA}.Release|Any CPU.ActiveCfg = Release|Any CPU
		{8CDBCDD8-CA4B-4999-BCAE-5FACFC78B3CA}.Release|Any CPU.Build.0 = Release|Any CPU
	EndGlobalSection
	GlobalSection(SolutionProperties) = preSolution
		HideSolutionNode = FALSE
	EndGlobalSection
	GlobalSection(ExtensibilityGlobals) = postSolution
		SolutionGuid = {3F721A15-DD91-42C7-BADC-2C9006C3C200}
	EndGlobalSection
EndGlobal
