
Microsoft Visual Studio Solution File, Format Version 12.00
# Visual Studio 15
VisualStudioVersion = 15.0.28307.1082
MinimumVisualStudioVersion = 10.0.40219.1
Project("{FAE04EC0-301F-11D3-BF4B-00C04F79EFBC}") = "EmployeeLibrary", "EmployeeLibrary\EmployeeLibrary.csproj", "{86A53DA4-2E46-4A69-92D7-571C93644591}"
EndProject
Project("{FAE04EC0-301F-11D3-BF4B-00C04F79EFBC}") = "CompanyApplication", "CompanyApplication\CompanyApplication.csproj", "{FEF9793F-455F-48A0-B857-9CD0666AF34A}"
EndProject
Global
	GlobalSection(SolutionConfigurationPlatforms) = preSolution
		Debug|Any CPU = Debug|Any CPU
		Release|Any CPU = Release|Any CPU
	EndGlobalSection
	GlobalSection(ProjectConfigurationPlatforms) = postSolution
		{86A53DA4-2E46-4A69-92D7-571C93644591}.Debug|Any CPU.ActiveCfg = Debug|Any CPU
		{86A53DA4-2E46-4A69-92D7-571C93644591}.Debug|Any CPU.Build.0 = Debug|Any CPU
		{86A53DA4-2E46-4A69-92D7-571C93644591}.Release|Any CPU.ActiveCfg = Release|Any CPU
		{86A53DA4-2E46-4A69-92D7-571C93644591}.Release|Any CPU.Build.0 = Release|Any CPU
		{FEF9793F-455F-48A0-B857-9CD0666AF34A}.Debug|Any CPU.ActiveCfg = Debug|Any CPU
		{FEF9793F-455F-48A0-B857-9CD0666AF34A}.Debug|Any CPU.Build.0 = Debug|Any CPU
		{FEF9793F-455F-48A0-B857-9CD0666AF34A}.Release|Any CPU.ActiveCfg = Release|Any CPU
		{FEF9793F-455F-48A0-B857-9CD0666AF34A}.Release|Any CPU.Build.0 = Release|Any CPU
	EndGlobalSection
	GlobalSection(SolutionProperties) = preSolution
		HideSolutionNode = FALSE
	EndGlobalSection
	GlobalSection(ExtensibilityGlobals) = postSolution
		SolutionGuid = {ED9B6AF7-0429-49E8-AF53-8C50A5E692FD}
	EndGlobalSection
EndGlobal
