
Microsoft Visual Studio Solution File, Format Version 12.00
# Visual Studio 15
VisualStudioVersion = 15.0.28307.1082
MinimumVisualStudioVersion = 10.0.40219.1
Project("{FAE04EC0-301F-11D3-BF4B-00C04F79EFBC}") = "WebApplication1", "WebApplication1\WebApplication1.csproj", "{065D948D-D430-44D8-B9EB-D505407AF314}"
EndProject
Global
	GlobalSection(SolutionConfigurationPlatforms) = preSolution
		Debug|Any CPU = Debug|Any CPU
		Release|Any CPU = Release|Any CPU
	EndGlobalSection
	GlobalSection(ProjectConfigurationPlatforms) = postSolution
		{065D948D-D430-44D8-B9EB-D505407AF314}.Debug|Any CPU.ActiveCfg = Debug|Any CPU
		{065D948D-D430-44D8-B9EB-D505407AF314}.Debug|Any CPU.Build.0 = Debug|Any CPU
		{065D948D-D430-44D8-B9EB-D505407AF314}.Release|Any CPU.ActiveCfg = Release|Any CPU
		{065D948D-D430-44D8-B9EB-D505407AF314}.Release|Any CPU.Build.0 = Release|Any CPU
	EndGlobalSection
	GlobalSection(SolutionProperties) = preSolution
		HideSolutionNode = FALSE
	EndGlobalSection
	GlobalSection(ExtensibilityGlobals) = postSolution
		SolutionGuid = {EBACCDFA-5DA6-45B2-B55D-B3DAB6FCD23F}
	EndGlobalSection
EndGlobal
