
Microsoft Visual Studio Solution File, Format Version 12.00
# Visual Studio 15
VisualStudioVersion = 15.0.28307.1082
MinimumVisualStudioVersion = 10.0.40219.1
Project("{FAE04EC0-301F-11D3-BF4B-00C04F79EFBC}") = "MoreOOPSExampleProject", "MoreOOPSExampleProject\MoreOOPSExampleProject.csproj", "{38646BAC-0E6A-4A6C-A235-305B89711C02}"
EndProject
Global
	GlobalSection(SolutionConfigurationPlatforms) = preSolution
		Debug|Any CPU = Debug|Any CPU
		Release|Any CPU = Release|Any CPU
	EndGlobalSection
	GlobalSection(ProjectConfigurationPlatforms) = postSolution
		{38646BAC-0E6A-4A6C-A235-305B89711C02}.Debug|Any CPU.ActiveCfg = Debug|Any CPU
		{38646BAC-0E6A-4A6C-A235-305B89711C02}.Debug|Any CPU.Build.0 = Debug|Any CPU
		{38646BAC-0E6A-4A6C-A235-305B89711C02}.Release|Any CPU.ActiveCfg = Release|Any CPU
		{38646BAC-0E6A-4A6C-A235-305B89711C02}.Release|Any CPU.Build.0 = Release|Any CPU
	EndGlobalSection
	GlobalSection(SolutionProperties) = preSolution
		HideSolutionNode = FALSE
	EndGlobalSection
	GlobalSection(ExtensibilityGlobals) = postSolution
		SolutionGuid = {D8A6C161-2E80-4ED2-A407-AE2A388EACDF}
	EndGlobalSection
EndGlobal
