
Microsoft Visual Studio Solution File, Format Version 12.00
# Visual Studio 15
VisualStudioVersion = 15.0.28307.1082
MinimumVisualStudioVersion = 10.0.40219.1
Project("{FAE04EC0-301F-11D3-BF4B-00C04F79EFBC}") = "BankProjectFE", "BankProjectFE\BankProjectFE.csproj", "{CC07964F-B7AF-4C49-A178-1F1EF3883C56}"
EndProject
Project("{FAE04EC0-301F-11D3-BF4B-00C04F79EFBC}") = "BankModel", "BankModel\BankModel.csproj", "{6D8BA0D2-C445-4ADA-AADD-F61812FCBD6C}"
EndProject
Global
	GlobalSection(SolutionConfigurationPlatforms) = preSolution
		Debug|Any CPU = Debug|Any CPU
		Release|Any CPU = Release|Any CPU
	EndGlobalSection
	GlobalSection(ProjectConfigurationPlatforms) = postSolution
		{CC07964F-B7AF-4C49-A178-1F1EF3883C56}.Debug|Any CPU.ActiveCfg = Debug|Any CPU
		{CC07964F-B7AF-4C49-A178-1F1EF3883C56}.Debug|Any CPU.Build.0 = Debug|Any CPU
		{CC07964F-B7AF-4C49-A178-1F1EF3883C56}.Release|Any CPU.ActiveCfg = Release|Any CPU
		{CC07964F-B7AF-4C49-A178-1F1EF3883C56}.Release|Any CPU.Build.0 = Release|Any CPU
		{6D8BA0D2-C445-4ADA-AADD-F61812FCBD6C}.Debug|Any CPU.ActiveCfg = Debug|Any CPU
		{6D8BA0D2-C445-4ADA-AADD-F61812FCBD6C}.Debug|Any CPU.Build.0 = Debug|Any CPU
		{6D8BA0D2-C445-4ADA-AADD-F61812FCBD6C}.Release|Any CPU.ActiveCfg = Release|Any CPU
		{6D8BA0D2-C445-4ADA-AADD-F61812FCBD6C}.Release|Any CPU.Build.0 = Release|Any CPU
	EndGlobalSection
	GlobalSection(SolutionProperties) = preSolution
		HideSolutionNode = FALSE
	EndGlobalSection
	GlobalSection(ExtensibilityGlobals) = postSolution
		SolutionGuid = {6AE505B3-68F3-4067-BF8E-A654F22C5A2E}
	EndGlobalSection
EndGlobal
